{"1.2.0",
[{<<"cowboy">>,
  {git,"https://github.com/emqx/cowboy",
       {ref,"c8e2b9e069655ad166702a7deb935cabddc85888"}},
  2},
 {<<"cowlib">>,
  {git,"https://github.com/ninenines/cowlib",
       {ref,"c6553f8308a2ca5dcd69d845f0a7d098c40c3363"}},
  3},
 {<<"ecpool">>,
  {git,"https://github.com/emqx/ecpool.git",
       {ref,"d01b8cb99af90bc177eeeabe29075133db878fb3"}},
  1},
 {<<"ezstd">>,
  {git,"https://github.com/emqx/ezstd.git",
       {ref,"dde91eb60f5fc8b28465e16db683b2f5f3ffe008"}},
  1},
 {<<"gpb">>,{pkg,<<"gpb">>,<<"4.20.0">>},2},
 {<<"gproc">>,{pkg,<<"gproc">>,<<"0.8.0">>},2},
 {<<"grpc">>,
  {git,"https://github.com/emqx/grpc-erl",
       {ref,"252a930391e10b89effa966469d1e9ec673db8d6"}},
  1},
 {<<"gun">>,
  {git,"https://github.com/emqx/gun",
       {ref,"4faea40b9a8ca1eac5288355f8202e0cea379d50"}},
  2},
 {<<"hstreamdb_erl">>,
  {git,"https://github.com/hstreamdb/hstreamdb_erl",
       {ref,"de7a79a3e618f8b7f806f308b2e93cd182bde652"}},
  0},
 {<<"ranch">>,
  {git,"https://github.com/ninenines/ranch",
       {ref,"a692f44567034dacf5efcaa24a24183788594eb7"}},
  3}]}.
[
{pkg_hash,[
 {<<"gpb">>, <<"3617FB7762801C1BED0460ED496D5BAB0F4D76E26B923A9AD9ABF026C2220E8A">>},
 {<<"gproc">>, <<"CEA02C578589C61E5341FCE149EA36CCEF236CC2ECAC8691FBA408E7EA77EC2F">>}]},
{pkg_hash_ext,[
 {<<"gpb">>, <<"4268756A98674D5159EEAA0FD4501B7E43B2DD7F10A1F052499E9B09F107D40B">>},
 {<<"gproc">>, <<"580ADAFA56463B75263EF5A5DF4C86AF321F68694E7786CB057FD805D1E2A7DE">>}]}
].
